
Microsoft Visual Studio Solution File, Format Version 12.00
# Visual Studio 2012
Project("{FAE04EC0-301F-11D3-BF4B-00C04F79EFBC}") = "BasicChat", "BasicChat\BasicChat.csproj", "{D5F5F475-30B3-42E6-9892-9A16229F63B2}"
EndProject
Project("{FAE04EC0-301F-11D3-BF4B-00C04F79EFBC}") = "BasicChat.Mvc", "BasicChat.Mvc\BasicChat.Mvc.csproj", "{55A2C13B-A0F3-47B1-8B19-98E0C4D5C121}"
EndProject
Project("{2150E333-8FDC-42A3-9474-1A3956D46DE8}") = ".nuget", ".nuget", "{23D122D0-1568-4C17-9550-412E14C9645B}"
	ProjectSection(SolutionItems) = preProject
		.nuget\NuGet.Config = .nuget\NuGet.Config
		.nuget\NuGet.exe = .nuget\NuGet.exe
		.nuget\NuGet.targets = .nuget\NuGet.targets
	EndProjectSection
EndProject
Project("{FAE04EC0-301F-11D3-BF4B-00C04F79EFBC}") = "BasicChat.CrossDomain", "BasicChat.CrossDomain\BasicChat.CrossDomain.csproj", "{CB260CB7-B437-4302-902A-5FA10CB281E0}"
EndProject
Project("{FAE04EC0-301F-11D3-BF4B-00C04F79EFBC}") = "BasicChatConsole", "BasicChatConsole\BasicChatConsole.csproj", "{3473564B-8F9F-47AD-839A-244720F89061}"
EndProject
Project("{FAE04EC0-301F-11D3-BF4B-00C04F79EFBC}") = "BasicChat.SelfHost", "BasicChat.SelfHost\BasicChat.SelfHost.csproj", "{F430918C-EE86-4D3F-A3C4-69F560F13B92}"
EndProject
Project("{FAE04EC0-301F-11D3-BF4B-00C04F79EFBC}") = "OtherSamples", "OtherSamples\OtherSamples.csproj", "{118B2855-34EA-4E38-9A19-F9AF2C514077}"
EndProject
Global
	GlobalSection(SolutionConfigurationPlatforms) = preSolution
		Debug|Any CPU = Debug|Any CPU
		Release|Any CPU = Release|Any CPU
	EndGlobalSection
	GlobalSection(ProjectConfigurationPlatforms) = postSolution
		{D5F5F475-30B3-42E6-9892-9A16229F63B2}.Debug|Any CPU.ActiveCfg = Debug|Any CPU
		{D5F5F475-30B3-42E6-9892-9A16229F63B2}.Debug|Any CPU.Build.0 = Debug|Any CPU
		{D5F5F475-30B3-42E6-9892-9A16229F63B2}.Release|Any CPU.ActiveCfg = Release|Any CPU
		{D5F5F475-30B3-42E6-9892-9A16229F63B2}.Release|Any CPU.Build.0 = Release|Any CPU
		{55A2C13B-A0F3-47B1-8B19-98E0C4D5C121}.Debug|Any CPU.ActiveCfg = Debug|Any CPU
		{55A2C13B-A0F3-47B1-8B19-98E0C4D5C121}.Debug|Any CPU.Build.0 = Debug|Any CPU
		{55A2C13B-A0F3-47B1-8B19-98E0C4D5C121}.Release|Any CPU.ActiveCfg = Release|Any CPU
		{55A2C13B-A0F3-47B1-8B19-98E0C4D5C121}.Release|Any CPU.Build.0 = Release|Any CPU
		{CB260CB7-B437-4302-902A-5FA10CB281E0}.Debug|Any CPU.ActiveCfg = Debug|Any CPU
		{CB260CB7-B437-4302-902A-5FA10CB281E0}.Debug|Any CPU.Build.0 = Debug|Any CPU
		{CB260CB7-B437-4302-902A-5FA10CB281E0}.Release|Any CPU.ActiveCfg = Release|Any CPU
		{CB260CB7-B437-4302-902A-5FA10CB281E0}.Release|Any CPU.Build.0 = Release|Any CPU
		{3473564B-8F9F-47AD-839A-244720F89061}.Debug|Any CPU.ActiveCfg = Debug|Any CPU
		{3473564B-8F9F-47AD-839A-244720F89061}.Debug|Any CPU.Build.0 = Debug|Any CPU
		{3473564B-8F9F-47AD-839A-244720F89061}.Release|Any CPU.ActiveCfg = Release|Any CPU
		{3473564B-8F9F-47AD-839A-244720F89061}.Release|Any CPU.Build.0 = Release|Any CPU
		{F430918C-EE86-4D3F-A3C4-69F560F13B92}.Debug|Any CPU.ActiveCfg = Debug|Any CPU
		{F430918C-EE86-4D3F-A3C4-69F560F13B92}.Debug|Any CPU.Build.0 = Debug|Any CPU
		{F430918C-EE86-4D3F-A3C4-69F560F13B92}.Release|Any CPU.ActiveCfg = Release|Any CPU
		{F430918C-EE86-4D3F-A3C4-69F560F13B92}.Release|Any CPU.Build.0 = Release|Any CPU
		{118B2855-34EA-4E38-9A19-F9AF2C514077}.Debug|Any CPU.ActiveCfg = Debug|Any CPU
		{118B2855-34EA-4E38-9A19-F9AF2C514077}.Debug|Any CPU.Build.0 = Debug|Any CPU
		{118B2855-34EA-4E38-9A19-F9AF2C514077}.Release|Any CPU.ActiveCfg = Release|Any CPU
		{118B2855-34EA-4E38-9A19-F9AF2C514077}.Release|Any CPU.Build.0 = Release|Any CPU
	EndGlobalSection
	GlobalSection(SolutionProperties) = preSolution
		HideSolutionNode = FALSE
	EndGlobalSection
EndGlobal
